
Microsoft Visual Studio Solution File, Format Version 12.00
# Visual Studio Version 17
VisualStudioVersion = 17.5.002.0
MinimumVisualStudioVersion = 10.0.40219.1
Project("{9A19103F-16F7-4668-BE54-9A1E7A4F7556}") = "AppPrevic", "AppPrevic.csproj", "{E6942FE3-7425-4BAB-8AE1-B98951469E36}"
EndProject
Global
	GlobalSection(SolutionConfigurationPlatforms) = preSolution
		Debug|Any CPU = Debug|Any CPU
		Release|Any CPU = Release|Any CPU
	EndGlobalSection
	GlobalSection(ProjectConfigurationPlatforms) = postSolution
		{E6942FE3-7425-4BAB-8AE1-B98951469E36}.Debug|Any CPU.ActiveCfg = Debug|Any CPU
		{E6942FE3-7425-4BAB-8AE1-B98951469E36}.Debug|Any CPU.Build.0 = Debug|Any CPU
		{E6942FE3-7425-4BAB-8AE1-B98951469E36}.Release|Any CPU.ActiveCfg = Release|Any CPU
		{E6942FE3-7425-4BAB-8AE1-B98951469E36}.Release|Any CPU.Build.0 = Release|Any CPU
	EndGlobalSection
	GlobalSection(SolutionProperties) = preSolution
		HideSolutionNode = FALSE
	EndGlobalSection
	GlobalSection(ExtensibilityGlobals) = postSolution
		SolutionGuid = {53690E8F-54D6-4DAD-997F-12BAE475C873}
	EndGlobalSection
EndGlobal
